
Microsoft Visual Studio Solution File, Format Version 12.00
# Visual Studio Version 17
VisualStudioVersion = 17.7.34031.279
MinimumVisualStudioVersion = 10.0.40219.1
Project("{9A19103F-16F7-4668-BE54-9A1E7A4F7556}") = "EshopMicroservice", "EshopMicroservice\EshopMicroservice.csproj", "{71982630-944B-415A-803E-0347367B687B}"
EndProject
Project("{E53339B2-1760-4266-BCC7-CA923CBCF16C}") = "docker-compose", "docker-compose.dcproj", "{488267EE-363D-4C9A-BDA6-17647712DD39}"
EndProject
Global
	GlobalSection(SolutionConfigurationPlatforms) = preSolution
		Debug|Any CPU = Debug|Any CPU
		Release|Any CPU = Release|Any CPU
	EndGlobalSection
	GlobalSection(ProjectConfigurationPlatforms) = postSolution
		{71982630-944B-415A-803E-0347367B687B}.Debug|Any CPU.ActiveCfg = Debug|Any CPU
		{71982630-944B-415A-803E-0347367B687B}.Debug|Any CPU.Build.0 = Debug|Any CPU
		{71982630-944B-415A-803E-0347367B687B}.Release|Any CPU.ActiveCfg = Release|Any CPU
		{71982630-944B-415A-803E-0347367B687B}.Release|Any CPU.Build.0 = Release|Any CPU
		{488267EE-363D-4C9A-BDA6-17647712DD39}.Debug|Any CPU.ActiveCfg = Debug|Any CPU
		{488267EE-363D-4C9A-BDA6-17647712DD39}.Debug|Any CPU.Build.0 = Debug|Any CPU
		{488267EE-363D-4C9A-BDA6-17647712DD39}.Release|Any CPU.ActiveCfg = Release|Any CPU
		{488267EE-363D-4C9A-BDA6-17647712DD39}.Release|Any CPU.Build.0 = Release|Any CPU
	EndGlobalSection
	GlobalSection(SolutionProperties) = preSolution
		HideSolutionNode = FALSE
	EndGlobalSection
	GlobalSection(ExtensibilityGlobals) = postSolution
		SolutionGuid = {B3155A87-C0A9-49E0-B4A8-A65B04CCF539}
	EndGlobalSection
EndGlobal
